
Microsoft Visual Studio Solution File, Format Version 12.00
# Visual Studio Version 17
VisualStudioVersion = 17.9.34902.65
MinimumVisualStudioVersion = 10.0.40219.1
Project("{FAE04EC0-301F-11D3-BF4B-00C04F79EFBC}") = "TableWeb", "TableWeb\TableWeb.csproj", "{ADE2A0DC-D184-4E38-961B-65F91A929F9C}"
EndProject
Global
	GlobalSection(SolutionConfigurationPlatforms) = preSolution
		Debug|Any CPU = Debug|Any CPU
		Release|Any CPU = Release|Any CPU
	EndGlobalSection
	GlobalSection(ProjectConfigurationPlatforms) = postSolution
		{ADE2A0DC-D184-4E38-961B-65F91A929F9C}.Debug|Any CPU.ActiveCfg = Debug|Any CPU
		{ADE2A0DC-D184-4E38-961B-65F91A929F9C}.Debug|Any CPU.Build.0 = Debug|Any CPU
		{ADE2A0DC-D184-4E38-961B-65F91A929F9C}.Release|Any CPU.ActiveCfg = Release|Any CPU
		{ADE2A0DC-D184-4E38-961B-65F91A929F9C}.Release|Any CPU.Build.0 = Release|Any CPU
	EndGlobalSection
	GlobalSection(SolutionProperties) = preSolution
		HideSolutionNode = FALSE
	EndGlobalSection
	GlobalSection(ExtensibilityGlobals) = postSolution
		SolutionGuid = {52FEBF2E-E6EA-4ED3-967D-28DD3EC7E5A3}
	EndGlobalSection
EndGlobal
